
Microsoft Visual Studio Solution File, Format Version 12.00
# Visual Studio Version 17
VisualStudioVersion = 17.0.31903.59
MinimumVisualStudioVersion = 10.0.40219.1
Project("{2150E333-8FDC-42A3-9474-1A3956D46DE8}") = "src", "src", "{827E0CD3-B72D-47B6-A68D-7590B98EB39B}"
EndProject
Project("{FAE04EC0-301F-11D3-BF4B-00C04F79EFBC}") = "DocumentFileManager", "src\DocumentFileManager\DocumentFileManager.csproj", "{227F9DE5-8686-40B3-AFDE-8F8B1C389138}"
EndProject
Project("{2150E333-8FDC-42A3-9474-1A3956D46DE8}") = "tests", "tests", "{0AB3BF05-4346-4AA6-1389-037BE0695223}"
EndProject
Project("{FAE04EC0-301F-11D3-BF4B-00C04F79EFBC}") = "DocumentFileManager.UI.Test", "tests\DocumentFileManager.UI.Test\DocumentFileManager.UI.Test.csproj", "{F3A4ABF2-D067-443F-AE69-F7109A2D9B0D}"
EndProject
Project("{FAE04EC0-301F-11D3-BF4B-00C04F79EFBC}") = "DocumentFileManager.Infrastructure", "src\DocumentFileManager.Infrastructure\DocumentFileManager.Infrastructure.csproj", "{E8E0A929-675A-4089-8705-86E63647BE48}"
EndProject
Project("{FAE04EC0-301F-11D3-BF4B-00C04F79EFBC}") = "DocumentFileManager.UI", "src\DocumentFileManager.UI\DocumentFileManager.UI.csproj", "{B2C0E038-3EC7-4F6A-B59C-0E55E6E9002C}"
EndProject
Project("{FAE04EC0-301F-11D3-BF4B-00C04F79EFBC}") = "DocumentFileManager.Viewer", "src\DocumentFileManager.Viewer\DocumentFileManager.Viewer.csproj", "{A6A197ED-5EDF-4D65-B76D-EF008316C074}"
EndProject
Project("{2150E333-8FDC-42A3-9474-1A3956D46DE8}") = "samples", "samples", "{5D20AA90-6969-D8BD-9DCD-8634F4692FDA}"
EndProject
Project("{FAE04EC0-301F-11D3-BF4B-00C04F79EFBC}") = "DocumentFileManager.Sample", "samples\DocumentFileManager.Sample\DocumentFileManager.Sample.csproj", "{855C9222-1FB0-4BE0-94BD-3CCE201DA714}"
EndProject
Global
	GlobalSection(SolutionConfigurationPlatforms) = preSolution
		Debug|Any CPU = Debug|Any CPU
		Debug|x64 = Debug|x64
		Debug|x86 = Debug|x86
		Release|Any CPU = Release|Any CPU
		Release|x64 = Release|x64
		Release|x86 = Release|x86
	EndGlobalSection
	GlobalSection(ProjectConfigurationPlatforms) = postSolution
		{227F9DE5-8686-40B3-AFDE-8F8B1C389138}.Debug|Any CPU.ActiveCfg = Debug|Any CPU
		{227F9DE5-8686-40B3-AFDE-8F8B1C389138}.Debug|Any CPU.Build.0 = Debug|Any CPU
		{227F9DE5-8686-40B3-AFDE-8F8B1C389138}.Debug|x64.ActiveCfg = Debug|Any CPU
		{227F9DE5-8686-40B3-AFDE-8F8B1C389138}.Debug|x64.Build.0 = Debug|Any CPU
		{227F9DE5-8686-40B3-AFDE-8F8B1C389138}.Debug|x86.ActiveCfg = Debug|Any CPU
		{227F9DE5-8686-40B3-AFDE-8F8B1C389138}.Debug|x86.Build.0 = Debug|Any CPU
		{227F9DE5-8686-40B3-AFDE-8F8B1C389138}.Release|Any CPU.ActiveCfg = Release|Any CPU
		{227F9DE5-8686-40B3-AFDE-8F8B1C389138}.Release|Any CPU.Build.0 = Release|Any CPU
		{227F9DE5-8686-40B3-AFDE-8F8B1C389138}.Release|x64.ActiveCfg = Release|Any CPU
		{227F9DE5-8686-40B3-AFDE-8F8B1C389138}.Release|x64.Build.0 = Release|Any CPU
		{227F9DE5-8686-40B3-AFDE-8F8B1C389138}.Release|x86.ActiveCfg = Release|Any CPU
		{227F9DE5-8686-40B3-AFDE-8F8B1C389138}.Release|x86.Build.0 = Release|Any CPU
		{F3A4ABF2-D067-443F-AE69-F7109A2D9B0D}.Debug|Any CPU.ActiveCfg = Debug|Any CPU
		{F3A4ABF2-D067-443F-AE69-F7109A2D9B0D}.Debug|Any CPU.Build.0 = Debug|Any CPU
		{F3A4ABF2-D067-443F-AE69-F7109A2D9B0D}.Debug|x64.ActiveCfg = Debug|Any CPU
		{F3A4ABF2-D067-443F-AE69-F7109A2D9B0D}.Debug|x64.Build.0 = Debug|Any CPU
		{F3A4ABF2-D067-443F-AE69-F7109A2D9B0D}.Debug|x86.ActiveCfg = Debug|Any CPU
		{F3A4ABF2-D067-443F-AE69-F7109A2D9B0D}.Debug|x86.Build.0 = Debug|Any CPU
		{F3A4ABF2-D067-443F-AE69-F7109A2D9B0D}.Release|Any CPU.ActiveCfg = Release|Any CPU
		{F3A4ABF2-D067-443F-AE69-F7109A2D9B0D}.Release|Any CPU.Build.0 = Release|Any CPU
		{F3A4ABF2-D067-443F-AE69-F7109A2D9B0D}.Release|x64.ActiveCfg = Release|Any CPU
		{F3A4ABF2-D067-443F-AE69-F7109A2D9B0D}.Release|x64.Build.0 = Release|Any CPU
		{F3A4ABF2-D067-443F-AE69-F7109A2D9B0D}.Release|x86.ActiveCfg = Release|Any CPU
		{F3A4ABF2-D067-443F-AE69-F7109A2D9B0D}.Release|x86.Build.0 = Release|Any CPU
		{E8E0A929-675A-4089-8705-86E63647BE48}.Debug|Any CPU.ActiveCfg = Debug|Any CPU
		{E8E0A929-675A-4089-8705-86E63647BE48}.Debug|Any CPU.Build.0 = Debug|Any CPU
		{E8E0A929-675A-4089-8705-86E63647BE48}.Debug|x64.ActiveCfg = Debug|Any CPU
		{E8E0A929-675A-4089-8705-86E63647BE48}.Debug|x64.Build.0 = Debug|Any CPU
		{E8E0A929-675A-4089-8705-86E63647BE48}.Debug|x86.ActiveCfg = Debug|Any CPU
		{E8E0A929-675A-4089-8705-86E63647BE48}.Debug|x86.Build.0 = Debug|Any CPU
		{E8E0A929-675A-4089-8705-86E63647BE48}.Release|Any CPU.ActiveCfg = Release|Any CPU
		{E8E0A929-675A-4089-8705-86E63647BE48}.Release|Any CPU.Build.0 = Release|Any CPU
		{E8E0A929-675A-4089-8705-86E63647BE48}.Release|x64.ActiveCfg = Release|Any CPU
		{E8E0A929-675A-4089-8705-86E63647BE48}.Release|x64.Build.0 = Release|Any CPU
		{E8E0A929-675A-4089-8705-86E63647BE48}.Release|x86.ActiveCfg = Release|Any CPU
		{E8E0A929-675A-4089-8705-86E63647BE48}.Release|x86.Build.0 = Release|Any CPU
		{B2C0E038-3EC7-4F6A-B59C-0E55E6E9002C}.Debug|Any CPU.ActiveCfg = Debug|Any CPU
		{B2C0E038-3EC7-4F6A-B59C-0E55E6E9002C}.Debug|Any CPU.Build.0 = Debug|Any CPU
		{B2C0E038-3EC7-4F6A-B59C-0E55E6E9002C}.Debug|x64.ActiveCfg = Debug|Any CPU
		{B2C0E038-3EC7-4F6A-B59C-0E55E6E9002C}.Debug|x64.Build.0 = Debug|Any CPU
		{B2C0E038-3EC7-4F6A-B59C-0E55E6E9002C}.Debug|x86.ActiveCfg = Debug|Any CPU
		{B2C0E038-3EC7-4F6A-B59C-0E55E6E9002C}.Debug|x86.Build.0 = Debug|Any CPU
		{B2C0E038-3EC7-4F6A-B59C-0E55E6E9002C}.Release|Any CPU.ActiveCfg = Release|Any CPU
		{B2C0E038-3EC7-4F6A-B59C-0E55E6E9002C}.Release|Any CPU.Build.0 = Release|Any CPU
		{B2C0E038-3EC7-4F6A-B59C-0E55E6E9002C}.Release|x64.ActiveCfg = Release|Any CPU
		{B2C0E038-3EC7-4F6A-B59C-0E55E6E9002C}.Release|x64.Build.0 = Release|Any CPU
		{B2C0E038-3EC7-4F6A-B59C-0E55E6E9002C}.Release|x86.ActiveCfg = Release|Any CPU
		{B2C0E038-3EC7-4F6A-B59C-0E55E6E9002C}.Release|x86.Build.0 = Release|Any CPU
		{A6A197ED-5EDF-4D65-B76D-EF008316C074}.Debug|Any CPU.ActiveCfg = Debug|Any CPU
		{A6A197ED-5EDF-4D65-B76D-EF008316C074}.Debug|Any CPU.Build.0 = Debug|Any CPU
		{A6A197ED-5EDF-4D65-B76D-EF008316C074}.Debug|x64.ActiveCfg = Debug|Any CPU
		{A6A197ED-5EDF-4D65-B76D-EF008316C074}.Debug|x64.Build.0 = Debug|Any CPU
		{A6A197ED-5EDF-4D65-B76D-EF008316C074}.Debug|x86.ActiveCfg = Debug|Any CPU
		{A6A197ED-5EDF-4D65-B76D-EF008316C074}.Debug|x86.Build.0 = Debug|Any CPU
		{A6A197ED-5EDF-4D65-B76D-EF008316C074}.Release|Any CPU.ActiveCfg = Release|Any CPU
		{A6A197ED-5EDF-4D65-B76D-EF008316C074}.Release|Any CPU.Build.0 = Release|Any CPU
		{A6A197ED-5EDF-4D65-B76D-EF008316C074}.Release|x64.ActiveCfg = Release|Any CPU
		{A6A197ED-5EDF-4D65-B76D-EF008316C074}.Release|x64.Build.0 = Release|Any CPU
		{A6A197ED-5EDF-4D65-B76D-EF008316C074}.Release|x86.ActiveCfg = Release|Any CPU
		{A6A197ED-5EDF-4D65-B76D-EF008316C074}.Release|x86.Build.0 = Release|Any CPU
		{855C9222-1FB0-4BE0-94BD-3CCE201DA714}.Debug|Any CPU.ActiveCfg = Debug|Any CPU
		{855C9222-1FB0-4BE0-94BD-3CCE201DA714}.Debug|Any CPU.Build.0 = Debug|Any CPU
		{855C9222-1FB0-4BE0-94BD-3CCE201DA714}.Debug|x64.ActiveCfg = Debug|Any CPU
		{855C9222-1FB0-4BE0-94BD-3CCE201DA714}.Debug|x64.Build.0 = Debug|Any CPU
		{855C9222-1FB0-4BE0-94BD-3CCE201DA714}.Debug|x86.ActiveCfg = Debug|Any CPU
		{855C9222-1FB0-4BE0-94BD-3CCE201DA714}.Debug|x86.Build.0 = Debug|Any CPU
		{855C9222-1FB0-4BE0-94BD-3CCE201DA714}.Release|Any CPU.ActiveCfg = Release|Any CPU
		{855C9222-1FB0-4BE0-94BD-3CCE201DA714}.Release|Any CPU.Build.0 = Release|Any CPU
		{855C9222-1FB0-4BE0-94BD-3CCE201DA714}.Release|x64.ActiveCfg = Release|Any CPU
		{855C9222-1FB0-4BE0-94BD-3CCE201DA714}.Release|x64.Build.0 = Release|Any CPU
		{855C9222-1FB0-4BE0-94BD-3CCE201DA714}.Release|x86.ActiveCfg = Release|Any CPU
		{855C9222-1FB0-4BE0-94BD-3CCE201DA714}.Release|x86.Build.0 = Release|Any CPU
	EndGlobalSection
	GlobalSection(SolutionProperties) = preSolution
		HideSolutionNode = FALSE
	EndGlobalSection
	GlobalSection(NestedProjects) = preSolution
		{227F9DE5-8686-40B3-AFDE-8F8B1C389138} = {827E0CD3-B72D-47B6-A68D-7590B98EB39B}
		{F3A4ABF2-D067-443F-AE69-F7109A2D9B0D} = {0AB3BF05-4346-4AA6-1389-037BE0695223}
		{E8E0A929-675A-4089-8705-86E63647BE48} = {827E0CD3-B72D-47B6-A68D-7590B98EB39B}
		{B2C0E038-3EC7-4F6A-B59C-0E55E6E9002C} = {827E0CD3-B72D-47B6-A68D-7590B98EB39B}
		{A6A197ED-5EDF-4D65-B76D-EF008316C074} = {827E0CD3-B72D-47B6-A68D-7590B98EB39B}
		{855C9222-1FB0-4BE0-94BD-3CCE201DA714} = {5D20AA90-6969-D8BD-9DCD-8634F4692FDA}
	EndGlobalSection
EndGlobal
